// !$*UTF8*$!
{
	archiveVersion = 1;
	classes = {
	};
	objectVersion = 55;
	objects = {

/* Begin PBXBuildFile section */
		68A4C2DF29E0946F00F669A2 /* AppDelegate.swift in Sources */ = {isa = PBXBuildFile; fileRef = 68A4C2DE29E0946F00F669A2 /* AppDelegate.swift */; };
		68A4C2E129E0946F00F669A2 /* SceneDelegate.swift in Sources */ = {isa = PBXBuildFile; fileRef = 68A4C2E029E0946F00F669A2 /* SceneDelegate.swift */; };
		68A4C2E329E0946F00F669A2 /* MusicViewController.swift in Sources */ = {isa = PBXBuildFile; fileRef = 68A4C2E229E0946F00F669A2 /* MusicViewController.swift */; };
		68A4C2E629E0946F00F669A2 /* Main.storyboard in Resources */ = {isa = PBXBuildFile; fileRef = 68A4C2E429E0946F00F669A2 /* Main.storyboard */; };
		68A4C2E829E0947300F669A2 /* Assets.xcassets in Resources */ = {isa = PBXBuildFile; fileRef = 68A4C2E729E0947300F669A2 /* Assets.xcassets */; };
		68A4C2EB29E0947300F669A2 /* LaunchScreen.storyboard in Resources */ = {isa = PBXBuildFile; fileRef = 68A4C2E929E0947300F669A2 /* LaunchScreen.storyboard */; };
		68A4C2F429E09AFB00F669A2 /* SnapKit in Frameworks */ = {isa = PBXBuildFile; productRef = 68A4C2F329E09AFB00F669A2 /* SnapKit */; };
		68A4C35429E1610E00F669A2 /* A.wav in Resources */ = {isa = PBXBuildFile; fileRef = 68A4C34D29E1610E00F669A2 /* A.wav */; };
		68A4C35529E1610E00F669A2 /* C.wav in Resources */ = {isa = PBXBuildFile; fileRef = 68A4C34E29E1610E00F669A2 /* C.wav */; };
		68A4C35629E1610E00F669A2 /* B.wav in Resources */ = {isa = PBXBuildFile; fileRef = 68A4C34F29E1610E00F669A2 /* B.wav */; };
		68A4C35729E1610E00F669A2 /* F.wav in Resources */ = {isa = PBXBuildFile; fileRef = 68A4C35029E1610E00F669A2 /* F.wav */; };
		68A4C35829E1610E00F669A2 /* G.wav in Resources */ = {isa = PBXBuildFile; fileRef = 68A4C35129E1610E00F669A2 /* G.wav */; };
		68A4C35929E1610E00F669A2 /* E.wav in Resources */ = {isa = PBXBuildFile; fileRef = 68A4C35229E1610E00F669A2 /* E.wav */; };
		68A4C35A29E1610E00F669A2 /* D.wav in Resources */ = {isa = PBXBuildFile; fileRef = 68A4C35329E1610E00F669A2 /* D.wav */; };
/* End PBXBuildFile section */

/* Begin PBXFileReference section */
		68A4C2DB29E0946F00F669A2 /* Xylophone.app */ = {isa = PBXFileReference; explicitFileType = wrapper.application; includeInIndex = 0; path = Xylophone.app; sourceTree = BUILT_PRODUCTS_DIR; };
		68A4C2DE29E0946F00F669A2 /* AppDelegate.swift */ = {isa = PBXFileReference; lastKnownFileType = sourcecode.swift; path = AppDelegate.swift; sourceTree = "<group>"; };
		68A4C2E029E0946F00F669A2 /* SceneDelegate.swift */ = {isa = PBXFileReference; lastKnownFileType = sourcecode.swift; path = SceneDelegate.swift; sourceTree = "<group>"; };
		68A4C2E229E0946F00F669A2 /* MusicViewController.swift */ = {isa = PBXFileReference; lastKnownFileType = sourcecode.swift; path = MusicViewController.swift; sourceTree = "<group>"; };
		68A4C2E529E0946F00F669A2 /* Base */ = {isa = PBXFileReference; lastKnownFileType = file.storyboard; name = Base; path = Base.lproj/Main.storyboard; sourceTree = "<group>"; };
		68A4C2E729E0947300F669A2 /* Assets.xcassets */ = {isa = PBXFileReference; lastKnownFileType = folder.assetcatalog; path = Assets.xcassets; sourceTree = "<group>"; };
		68A4C2EA29E0947300F669A2 /* Base */ = {isa = PBXFileReference; lastKnownFileType = file.storyboard; name = Base; path = Base.lproj/LaunchScreen.storyboard; sourceTree = "<group>"; };
		68A4C2EC29E0947300F669A2 /* Info.plist */ = {isa = PBXFileReference; lastKnownFileType = text.plist.xml; path = Info.plist; sourceTree = "<group>"; };
		68A4C34D29E1610E00F669A2 /* A.wav */ = {isa = PBXFileReference; lastKnownFileType = audio.wav; path = A.wav; sourceTree = "<group>"; };
		68A4C34E29E1610E00F669A2 /* C.wav */ = {isa = PBXFileReference; lastKnownFileType = audio.wav; path = C.wav; sourceTree = "<group>"; };
		68A4C34F29E1610E00F669A2 /* B.wav */ = {isa = PBXFileReference; lastKnownFileType = audio.wav; path = B.wav; sourceTree = "<group>"; };
		68A4C35029E1610E00F669A2 /* F.wav */ = {isa = PBXFileReference; lastKnownFileType = audio.wav; path = F.wav; sourceTree = "<group>"; };
		68A4C35129E1610E00F669A2 /* G.wav */ = {isa = PBXFileReference; lastKnownFileType = audio.wav; path = G.wav; sourceTree = "<group>"; };
		68A4C35229E1610E00F669A2 /* E.wav */ = {isa = PBXFileReference; lastKnownFileType = audio.wav; path = E.wav; sourceTree = "<group>"; };
		68A4C35329E1610E00F669A2 /* D.wav */ = {isa = PBXFileReference; lastKnownFileType = audio.wav; path = D.wav; sourceTree = "<group>"; };
/* End PBXFileReference section */

/* Begin PBXFrameworksBuildPhase section */
		68A4C2D829E0946F00F669A2 /* Frameworks */ = {
			isa = PBXFrameworksBuildPhase;
			buildActionMask = 2147483647;
			files = (
				68A4C2F429E09AFB00F669A2 /* SnapKit in Frameworks */,
			);
			runOnlyForDeploymentPostprocessing = 0;
		};
/* End PBXFrameworksBuildPhase section */

/* Begin PBXGroup section */
		68A4C2D229E0946F00F669A2 = {
			isa = PBXGroup;
			children = (
				68A4C2DD29E0946F00F669A2 /* Xylophone */,
				68A4C2DC29E0946F00F669A2 /* Products */,
			);
			sourceTree = "<group>";
		};
		68A4C2DC29E0946F00F669A2 /* Products */ = {
			isa = PBXGroup;
			children = (
				68A4C2DB29E0946F00F669A2 /* Xylophone.app */,
			);
			name = Products;
			sourceTree = "<group>";
		};
		68A4C2DD29E0946F00F669A2 /* Xylophone */ = {
			isa = PBXGroup;
			children = (
				68A4C2DE29E0946F00F669A2 /* AppDelegate.swift */,
				68A4C2E029E0946F00F669A2 /* SceneDelegate.swift */,
				68A4C2E229E0946F00F669A2 /* MusicViewController.swift */,
				68A4C2E429E0946F00F669A2 /* Main.storyboard */,
				68A4C2E729E0947300F669A2 /* Assets.xcassets */,
				68A4C2E929E0947300F669A2 /* LaunchScreen.storyboard */,
				68A4C2EC29E0947300F669A2 /* Info.plist */,
				68A4C34C29E1610E00F669A2 /* Sounds */,
			);
			path = Xylophone;
			sourceTree = "<group>";
		};
		68A4C34C29E1610E00F669A2 /* Sounds */ = {
			isa = PBXGroup;
			children = (
				68A4C34D29E1610E00F669A2 /* A.wav */,
				68A4C34E29E1610E00F669A2 /* C.wav */,
				68A4C34F29E1610E00F669A2 /* B.wav */,
				68A4C35029E1610E00F669A2 /* F.wav */,
				68A4C35129E1610E00F669A2 /* G.wav */,
				68A4C35229E1610E00F669A2 /* E.wav */,
				68A4C35329E1610E00F669A2 /* D.wav */,
			);
			path = Sounds;
			sourceTree = "<group>";
		};
/* End PBXGroup section */

/* Begin PBXNativeTarget section */
		68A4C2DA29E0946F00F669A2 /* Xylophone */ = {
			isa = PBXNativeTarget;
			buildConfigurationList = 68A4C2EF29E0947300F669A2 /* Build configuration list for PBXNativeTarget "Xylophone" */;
			buildPhases = (
				68A4C2D729E0946F00F669A2 /* Sources */,
				68A4C2D829E0946F00F669A2 /* Frameworks */,
				68A4C2D929E0946F00F669A2 /* Resources */,
			);
			buildRules = (
			);
			dependencies = (
			);
			name = Xylophone;
			packageProductDependencies = (
				68A4C2F329E09AFB00F669A2 /* SnapKit */,
			);
			productName = Xylophone;
			productReference = 68A4C2DB29E0946F00F669A2 /* Xylophone.app */;
			productType = "com.apple.product-type.application";
		};
/* End PBXNativeTarget section */

/* Begin PBXProject section */
		68A4C2D329E0946F00F669A2 /* Project object */ = {
			isa = PBXProject;
			attributes = {
				BuildIndependentTargetsInParallel = 1;
				LastSwiftUpdateCheck = 1320;
				LastUpgradeCheck = 1320;
				TargetAttributes = {
					68A4C2DA29E0946F00F669A2 = {
						CreatedOnToolsVersion = 13.2.1;
					};
				};
			};
			buildConfigurationList = 68A4C2D629E0946F00F669A2 /* Build configuration list for PBXProject "Xylophone" */;
			compatibilityVersion = "Xcode 13.0";
			developmentRegion = en;
			hasScannedForEncodings = 0;
			knownRegions = (
				en,
				Base,
			);
			mainGroup = 68A4C2D229E0946F00F669A2;
			packageReferences = (
				68A4C2F229E09AFB00F669A2 /* XCRemoteSwiftPackageReference "SnapKit" */,
			);
			productRefGroup = 68A4C2DC29E0946F00F669A2 /* Products */;
			projectDirPath = "";
			projectRoot = "";
			targets = (
				68A4C2DA29E0946F00F669A2 /* Xylophone */,
			);
		};
/* End PBXProject section */

/* Begin PBXResourcesBuildPhase section */
		68A4C2D929E0946F00F669A2 /* Resources */ = {
			isa = PBXResourcesBuildPhase;
			buildActionMask = 2147483647;
			files = (
				68A4C35829E1610E00F669A2 /* G.wav in Resources */,
				68A4C2EB29E0947300F669A2 /* LaunchScreen.storyboard in Resources */,
				68A4C35729E1610E00F669A2 /* F.wav in Resources */,
				68A4C2E829E0947300F669A2 /* Assets.xcassets in Resources */,
				68A4C35429E1610E00F669A2 /* A.wav in Resources */,
				68A4C35629E1610E00F669A2 /* B.wav in Resources */,
				68A4C35929E1610E00F669A2 /* E.wav in Resources */,
				68A4C35A29E1610E00F669A2 /* D.wav in Resources */,
				68A4C2E629E0946F00F669A2 /* Main.storyboard in Resources */,
				68A4C35529E1610E00F669A2 /* C.wav in Resources */,
			);
			runOnlyForDeploymentPostprocessing = 0;
		};
/* End PBXResourcesBuildPhase section */

/* Begin PBXSourcesBuildPhase section */
		68A4C2D729E0946F00F669A2 /* Sources */ = {
			isa = PBXSourcesBuildPhase;
			buildActionMask = 2147483647;
			files = (
				68A4C2E329E0946F00F669A2 /* MusicViewController.swift in Sources */,
				68A4C2DF29E0946F00F669A2 /* AppDelegate.swift in Sources */,
				68A4C2E129E0946F00F669A2 /* SceneDelegate.swift in Sources */,
			);
			runOnlyForDeploymentPostprocessing = 0;
		};
/* End PBXSourcesBuildPhase section */

/* Begin PBXVariantGroup section */
		68A4C2E429E0946F00F669A2 /* Main.storyboard */ = {
			isa = PBXVariantGroup;
			children = (
				68A4C2E529E0946F00F669A2 /* Base */,
			);
			name = Main.storyboard;
			sourceTree = "<group>";
		};
		68A4C2E929E0947300F669A2 /* LaunchScreen.storyboard */ = {
			isa = PBXVariantGroup;
			children = (
				68A4C2EA29E0947300F669A2 /* Base */,
			);
			name = LaunchScreen.storyboard;
			sourceTree = "<group>";
		};
/* End PBXVariantGroup section */

/* Begin XCBuildConfiguration section */
		68A4C2ED29E0947300F669A2 /* Debug */ = {
			isa = XCBuildConfiguration;
			buildSettings = {
				ALWAYS_SEARCH_USER_PATHS = NO;
				CLANG_ANALYZER_NONNULL = YES;
				CLANG_ANALYZER_NUMBER_OBJECT_CONVERSION = YES_AGGRESSIVE;
				CLANG_CXX_LANGUAGE_STANDARD = "gnu++17";
				CLANG_CXX_LIBRARY = "libc++";
				CLANG_ENABLE_MODULES = YES;
				CLANG_ENABLE_OBJC_ARC = YES;
				CLANG_ENABLE_OBJC_WEAK = YES;
				CLANG_WARN_BLOCK_CAPTURE_AUTORELEASING = YES;
				CLANG_WARN_BOOL_CONVERSION = YES;
				CLANG_WARN_COMMA = YES;
				CLANG_WARN_CONSTANT_CONVERSION = YES;
				CLANG_WARN_DEPRECATED_OBJC_IMPLEMENTATIONS = YES;
				CLANG_WARN_DIRECT_OBJC_ISA_USAGE = YES_ERROR;
				CLANG_WARN_DOCUMENTATION_COMMENTS = YES;
				CLANG_WARN_EMPTY_BODY = YES;
				CLANG_WARN_ENUM_CONVERSION = YES;
				CLANG_WARN_INFINITE_RECURSION = YES;
				CLANG_WARN_INT_CONVERSION = YES;
				CLANG_WARN_NON_LITERAL_NULL_CONVERSION = YES;
				CLANG_WARN_OBJC_IMPLICIT_RETAIN_SELF = YES;
				CLANG_WARN_OBJC_LITERAL_CONVERSION = YES;
				CLANG_WARN_OBJC_ROOT_CLASS = YES_ERROR;
				CLANG_WARN_QUOTED_INCLUDE_IN_FRAMEWORK_HEADER = YES;
				CLANG_WARN_RANGE_LOOP_ANALYSIS = YES;
				CLANG_WARN_STRICT_PROTOTYPES = YES;
				CLANG_WARN_SUSPICIOUS_MOVE = YES;
				CLANG_WARN_UNGUARDED_AVAILABILITY = YES_AGGRESSIVE;
				CLANG_WARN_UNREACHABLE_CODE = YES;
				CLANG_WARN__DUPLICATE_METHOD_MATCH = YES;
				COPY_PHASE_STRIP = NO;
				DEBUG_INFORMATION_FORMAT = dwarf;
				ENABLE_STRICT_OBJC_MSGSEND = YES;
				ENABLE_TESTABILITY = YES;
				GCC_C_LANGUAGE_STANDARD = gnu11;
				GCC_DYNAMIC_NO_PIC = NO;
				GCC_NO_COMMON_BLOCKS = YES;
				GCC_OPTIMIZATION_LEVEL = 0;
				GCC_PREPROCESSOR_DEFINITIONS = (
					"DEBUG=1",
					"$(inherited)",
				);
				GCC_WARN_64_TO_32_BIT_CONVERSION = YES;
				GCC_WARN_ABOUT_RETURN_TYPE = YES_ERROR;
				GCC_WARN_UNDECLARED_SELECTOR = YES;
				GCC_WARN_UNINITIALIZED_AUTOS = YES_AGGRESSIVE;
				GCC_WARN_UNUSED_FUNCTION = YES;
				GCC_WARN_UNUSED_VARIABLE = YES;
				IPHONEOS_DEPLOYMENT_TARGET = 15.2;
				MTL_ENABLE_DEBUG_INFO = INCLUDE_SOURCE;
				MTL_FAST_MATH = YES;
				ONLY_ACTIVE_ARCH = YES;
				SDKROOT = iphoneos;
				SWIFT_ACTIVE_COMPILATION_CONDITIONS = DEBUG;
				SWIFT_OPTIMIZATION_LEVEL = "-Onone";
			};
			name = Debug;
		};
		68A4C2EE29E0947300F669A2 /* Release */ = {
			isa = XCBuildConfiguration;
			buildSettings = {
				ALWAYS_SEARCH_USER_PATHS = NO;
				CLANG_ANALYZER_NONNULL = YES;
				CLANG_ANALYZER_NUMBER_OBJECT_CONVERSION = YES_AGGRESSIVE;
				CLANG_CXX_LANGUAGE_STANDARD = "gnu++17";
				CLANG_CXX_LIBRARY = "libc++";
				CLANG_ENABLE_MODULES = YES;
				CLANG_ENABLE_OBJC_ARC = YES;
				CLANG_ENABLE_OBJC_WEAK = YES;
				CLANG_WARN_BLOCK_CAPTURE_AUTORELEASING = YES;
				CLANG_WARN_BOOL_CONVERSION = YES;
				CLANG_WARN_COMMA = YES;
				CLANG_WARN_CONSTANT_CONVERSION = YES;
				CLANG_WARN_DEPRECATED_OBJC_IMPLEMENTATIONS = YES;
				CLANG_WARN_DIRECT_OBJC_ISA_USAGE = YES_ERROR;
				CLANG_WARN_DOCUMENTATION_COMMENTS = YES;
				CLANG_WARN_EMPTY_BODY = YES;
				CLANG_WARN_ENUM_CONVERSION = YES;
				CLANG_WARN_INFINITE_RECURSION = YES;
				CLANG_WARN_INT_CONVERSION = YES;
				CLANG_WARN_NON_LITERAL_NULL_CONVERSION = YES;
				CLANG_WARN_OBJC_IMPLICIT_RETAIN_SELF = YES;
				CLANG_WARN_OBJC_LITERAL_CONVERSION = YES;
				CLANG_WARN_OBJC_ROOT_CLASS = YES_ERROR;
				CLANG_WARN_QUOTED_INCLUDE_IN_FRAMEWORK_HEADER = YES;
				CLANG_WARN_RANGE_LOOP_ANALYSIS = YES;
				CLANG_WARN_STRICT_PROTOTYPES = YES;
				CLANG_WARN_SUSPICIOUS_MOVE = YES;
				CLANG_WARN_UNGUARDED_AVAILABILITY = YES_AGGRESSIVE;
				CLANG_WARN_UNREACHABLE_CODE = YES;
				CLANG_WARN__DUPLICATE_METHOD_MATCH = YES;
				COPY_PHASE_STRIP = NO;
				DEBUG_INFORMATION_FORMAT = "dwarf-with-dsym";
				ENABLE_NS_ASSERTIONS = NO;
				ENABLE_STRICT_OBJC_MSGSEND = YES;
				GCC_C_LANGUAGE_STANDARD = gnu11;
				GCC_NO_COMMON_BLOCKS = YES;
				GCC_WARN_64_TO_32_BIT_CONVERSION = YES;
				GCC_WARN_ABOUT_RETURN_TYPE = YES_ERROR;
				GCC_WARN_UNDECLARED_SELECTOR = YES;
				GCC_WARN_UNINITIALIZED_AUTOS = YES_AGGRESSIVE;
				GCC_WARN_UNUSED_FUNCTION = YES;
				GCC_WARN_UNUSED_VARIABLE = YES;
				IPHONEOS_DEPLOYMENT_TARGET = 15.2;
				MTL_ENABLE_DEBUG_INFO = NO;
				MTL_FAST_MATH = YES;
				SDKROOT = iphoneos;
				SWIFT_COMPILATION_MODE = wholemodule;
				SWIFT_OPTIMIZATION_LEVEL = "-O";
				VALIDATE_PRODUCT = YES;
			};
			name = Release;
		};
		68A4C2F029E0947300F669A2 /* Debug */ = {
			isa = XCBuildConfiguration;
			buildSettings = {
				ASSETCATALOG_COMPILER_APPICON_NAME = AppIcon;
				ASSETCATALOG_COMPILER_GLOBAL_ACCENT_COLOR_NAME = AccentColor;
				CODE_SIGN_STYLE = Automatic;
				CURRENT_PROJECT_VERSION = 1;
				DEVELOPMENT_TEAM = Q9G7AMJXC6;
				GENERATE_INFOPLIST_FILE = YES;
				INFOPLIST_FILE = Xylophone/Info.plist;
				INFOPLIST_KEY_UIApplicationSupportsIndirectInputEvents = YES;
				INFOPLIST_KEY_UILaunchStoryboardName = LaunchScreen;
				INFOPLIST_KEY_UIMainStoryboardFile = Main;
				INFOPLIST_KEY_UISupportedInterfaceOrientations_iPad = "UIInterfaceOrientationPortrait UIInterfaceOrientationPortraitUpsideDown UIInterfaceOrientationLandscapeLeft UIInterfaceOrientationLandscapeRight";
				INFOPLIST_KEY_UISupportedInterfaceOrientations_iPhone = "UIInterfaceOrientationPortrait UIInterfaceOrientationLandscapeLeft UIInterfaceOrientationLandscapeRight";
				LD_RUNPATH_SEARCH_PATHS = (
					"$(inherited)",
					"@executable_path/Frameworks",
				);
				MARKETING_VERSION = 1.0;
				PRODUCT_BUNDLE_IDENTIFIER = com.leoturko.Xylophone;
				PRODUCT_NAME = "$(TARGET_NAME)";
				SWIFT_EMIT_LOC_STRINGS = YES;
				SWIFT_VERSION = 5.0;
				TARGETED_DEVICE_FAMILY = "1,2";
			};
			name = Debug;
		};
		68A4C2F129E0947300F669A2 /* Release */ = {
			isa = XCBuildConfiguration;
			buildSettings = {
				ASSETCATALOG_COMPILER_APPICON_NAME = AppIcon;
				ASSETCATALOG_COMPILER_GLOBAL_ACCENT_COLOR_NAME = AccentColor;
				CODE_SIGN_STYLE = Automatic;
				CURRENT_PROJECT_VERSION = 1;
				DEVELOPMENT_TEAM = Q9G7AMJXC6;
				GENERATE_INFOPLIST_FILE = YES;
				INFOPLIST_FILE = Xylophone/Info.plist;
				INFOPLIST_KEY_UIApplicationSupportsIndirectInputEvents = YES;
				INFOPLIST_KEY_UILaunchStoryboardName = LaunchScreen;
				INFOPLIST_KEY_UIMainStoryboardFile = Main;
				INFOPLIST_KEY_UISupportedInterfaceOrientations_iPad = "UIInterfaceOrientationPortrait UIInterfaceOrientationPortraitUpsideDown UIInterfaceOrientationLandscapeLeft UIInterfaceOrientationLandscapeRight";
				INFOPLIST_KEY_UISupportedInterfaceOrientations_iPhone = "UIInterfaceOrientationPortrait UIInterfaceOrientationLandscapeLeft UIInterfaceOrientationLandscapeRight";
				LD_RUNPATH_SEARCH_PATHS = (
					"$(inherited)",
					"@executable_path/Frameworks",
				);
				MARKETING_VERSION = 1.0;
				PRODUCT_BUNDLE_IDENTIFIER = com.leoturko.Xylophone;
				PRODUCT_NAME = "$(TARGET_NAME)";
				SWIFT_EMIT_LOC_STRINGS = YES;
				SWIFT_VERSION = 5.0;
				TARGETED_DEVICE_FAMILY = "1,2";
			};
			name = Release;
		};
/* End XCBuildConfiguration section */

/* Begin XCConfigurationList section */
		68A4C2D629E0946F00F669A2 /* Build configuration list for PBXProject "Xylophone" */ = {
			isa = XCConfigurationList;
			buildConfigurations = (
				68A4C2ED29E0947300F669A2 /* Debug */,
				68A4C2EE29E0947300F669A2 /* Release */,
			);
			defaultConfigurationIsVisible = 0;
			defaultConfigurationName = Release;
		};
		68A4C2EF29E0947300F669A2 /* Build configuration list for PBXNativeTarget "Xylophone" */ = {
			isa = XCConfigurationList;
			buildConfigurations = (
				68A4C2F029E0947300F669A2 /* Debug */,
				68A4C2F129E0947300F669A2 /* Release */,
			);
			defaultConfigurationIsVisible = 0;
			defaultConfigurationName = Release;
		};
/* End XCConfigurationList section */

/* Begin XCRemoteSwiftPackageReference section */
		68A4C2F229E09AFB00F669A2 /* XCRemoteSwiftPackageReference "SnapKit" */ = {
			isa = XCRemoteSwiftPackageReference;
			repositoryURL = "https://github.com/SnapKit/SnapKit.git";
			requirement = {
				branch = develop;
				kind = branch;
			};
		};
/* End XCRemoteSwiftPackageReference section */

/* Begin XCSwiftPackageProductDependency section */
		68A4C2F329E09AFB00F669A2 /* SnapKit */ = {
			isa = XCSwiftPackageProductDependency;
			package = 68A4C2F229E09AFB00F669A2 /* XCRemoteSwiftPackageReference "SnapKit" */;
			productName = SnapKit;
		};
/* End XCSwiftPackageProductDependency section */
	};
	rootObject = 68A4C2D329E0946F00F669A2 /* Project object */;
}
